
Microsoft Visual Studio Solution File, Format Version 12.00
# Visual Studio Version 17
VisualStudioVersion = 17.7.34202.233
MinimumVisualStudioVersion = 10.0.40219.1
Project("{FAE04EC0-301F-11D3-BF4B-00C04F79EFBC}") = "single_level_inheritance", "single_level_inheritance\single_level_inheritance.csproj", "{431641F7-0860-4933-B5ED-A70773A65EA0}"
EndProject
Global
	GlobalSection(SolutionConfigurationPlatforms) = preSolution
		Debug|Any CPU = Debug|Any CPU
		Release|Any CPU = Release|Any CPU
	EndGlobalSection
	GlobalSection(ProjectConfigurationPlatforms) = postSolution
		{431641F7-0860-4933-B5ED-A70773A65EA0}.Debug|Any CPU.ActiveCfg = Debug|Any CPU
		{431641F7-0860-4933-B5ED-A70773A65EA0}.Debug|Any CPU.Build.0 = Debug|Any CPU
		{431641F7-0860-4933-B5ED-A70773A65EA0}.Release|Any CPU.ActiveCfg = Release|Any CPU
		{431641F7-0860-4933-B5ED-A70773A65EA0}.Release|Any CPU.Build.0 = Release|Any CPU
	EndGlobalSection
	GlobalSection(SolutionProperties) = preSolution
		HideSolutionNode = FALSE
	EndGlobalSection
	GlobalSection(ExtensibilityGlobals) = postSolution
		SolutionGuid = {12ADFDEA-D239-45F9-B443-648A13455922}
	EndGlobalSection
EndGlobal
