
Microsoft Visual Studio Solution File, Format Version 12.00
# Visual Studio Version 17
VisualStudioVersion = 17.7.34202.233
MinimumVisualStudioVersion = 10.0.40219.1
Project("{FAE04EC0-301F-11D3-BF4B-00C04F79EFBC}") = "library_book", "library_book\library_book.csproj", "{2C949DEB-EED8-4C61-9E77-8FD4062EDD61}"
EndProject
Global
	GlobalSection(SolutionConfigurationPlatforms) = preSolution
		Debug|Any CPU = Debug|Any CPU
		Release|Any CPU = Release|Any CPU
	EndGlobalSection
	GlobalSection(ProjectConfigurationPlatforms) = postSolution
		{2C949DEB-EED8-4C61-9E77-8FD4062EDD61}.Debug|Any CPU.ActiveCfg = Debug|Any CPU
		{2C949DEB-EED8-4C61-9E77-8FD4062EDD61}.Debug|Any CPU.Build.0 = Debug|Any CPU
		{2C949DEB-EED8-4C61-9E77-8FD4062EDD61}.Release|Any CPU.ActiveCfg = Release|Any CPU
		{2C949DEB-EED8-4C61-9E77-8FD4062EDD61}.Release|Any CPU.Build.0 = Release|Any CPU
	EndGlobalSection
	GlobalSection(SolutionProperties) = preSolution
		HideSolutionNode = FALSE
	EndGlobalSection
	GlobalSection(ExtensibilityGlobals) = postSolution
		SolutionGuid = {C79E3E1C-7FD4-4B05-95E9-14E941F10CA4}
	EndGlobalSection
EndGlobal
