
Microsoft Visual Studio Solution File, Format Version 12.00
# Visual Studio Version 17
VisualStudioVersion = 17.7.34202.233
MinimumVisualStudioVersion = 10.0.40219.1
Project("{FAE04EC0-301F-11D3-BF4B-00C04F79EFBC}") = "run_the_application_and_type", "run_the_application_and_type\run_the_application_and_type.csproj", "{7CCC8192-C5F0-4B13-BAB3-70364B91121A}"
EndProject
Global
	GlobalSection(SolutionConfigurationPlatforms) = preSolution
		Debug|Any CPU = Debug|Any CPU
		Release|Any CPU = Release|Any CPU
	EndGlobalSection
	GlobalSection(ProjectConfigurationPlatforms) = postSolution
		{7CCC8192-C5F0-4B13-BAB3-70364B91121A}.Debug|Any CPU.ActiveCfg = Debug|Any CPU
		{7CCC8192-C5F0-4B13-BAB3-70364B91121A}.Debug|Any CPU.Build.0 = Debug|Any CPU
		{7CCC8192-C5F0-4B13-BAB3-70364B91121A}.Release|Any CPU.ActiveCfg = Release|Any CPU
		{7CCC8192-C5F0-4B13-BAB3-70364B91121A}.Release|Any CPU.Build.0 = Release|Any CPU
	EndGlobalSection
	GlobalSection(SolutionProperties) = preSolution
		HideSolutionNode = FALSE
	EndGlobalSection
	GlobalSection(ExtensibilityGlobals) = postSolution
		SolutionGuid = {8E9F61B4-B8D0-4A24-B1D6-1C6F58FD9A58}
	EndGlobalSection
EndGlobal
