
Microsoft Visual Studio Solution File, Format Version 12.00
# Visual Studio Version 17
VisualStudioVersion = 17.7.34202.233
MinimumVisualStudioVersion = 10.0.40219.1
Project("{FAE04EC0-301F-11D3-BF4B-00C04F79EFBC}") = "addsubmulitply", "addsubmulitply\addsubmulitply.csproj", "{CE1A8320-67EC-45CB-B217-1AF90FF9D93B}"
EndProject
Global
	GlobalSection(SolutionConfigurationPlatforms) = preSolution
		Debug|Any CPU = Debug|Any CPU
		Release|Any CPU = Release|Any CPU
	EndGlobalSection
	GlobalSection(ProjectConfigurationPlatforms) = postSolution
		{CE1A8320-67EC-45CB-B217-1AF90FF9D93B}.Debug|Any CPU.ActiveCfg = Debug|Any CPU
		{CE1A8320-67EC-45CB-B217-1AF90FF9D93B}.Debug|Any CPU.Build.0 = Debug|Any CPU
		{CE1A8320-67EC-45CB-B217-1AF90FF9D93B}.Release|Any CPU.ActiveCfg = Release|Any CPU
		{CE1A8320-67EC-45CB-B217-1AF90FF9D93B}.Release|Any CPU.Build.0 = Release|Any CPU
	EndGlobalSection
	GlobalSection(SolutionProperties) = preSolution
		HideSolutionNode = FALSE
	EndGlobalSection
	GlobalSection(ExtensibilityGlobals) = postSolution
		SolutionGuid = {1143C407-06D8-4B45-9064-D3BF6EE055E5}
	EndGlobalSection
EndGlobal
