
Microsoft Visual Studio Solution File, Format Version 12.00
# Visual Studio Version 17
VisualStudioVersion = 17.7.34202.233
MinimumVisualStudioVersion = 10.0.40219.1
Project("{FAE04EC0-301F-11D3-BF4B-00C04F79EFBC}") = "fontdialog_control", "fontdialog_control\fontdialog_control.csproj", "{F4538744-7DAA-480D-8243-469CA8801E11}"
EndProject
Global
	GlobalSection(SolutionConfigurationPlatforms) = preSolution
		Debug|Any CPU = Debug|Any CPU
		Release|Any CPU = Release|Any CPU
	EndGlobalSection
	GlobalSection(ProjectConfigurationPlatforms) = postSolution
		{F4538744-7DAA-480D-8243-469CA8801E11}.Debug|Any CPU.ActiveCfg = Debug|Any CPU
		{F4538744-7DAA-480D-8243-469CA8801E11}.Debug|Any CPU.Build.0 = Debug|Any CPU
		{F4538744-7DAA-480D-8243-469CA8801E11}.Release|Any CPU.ActiveCfg = Release|Any CPU
		{F4538744-7DAA-480D-8243-469CA8801E11}.Release|Any CPU.Build.0 = Release|Any CPU
	EndGlobalSection
	GlobalSection(SolutionProperties) = preSolution
		HideSolutionNode = FALSE
	EndGlobalSection
	GlobalSection(ExtensibilityGlobals) = postSolution
		SolutionGuid = {8226D34A-3E77-447B-B385-E443F4A127CF}
	EndGlobalSection
EndGlobal
