
Microsoft Visual Studio Solution File, Format Version 12.00
# Visual Studio Version 17
VisualStudioVersion = 17.7.34202.233
MinimumVisualStudioVersion = 10.0.40219.1
Project("{FAE04EC0-301F-11D3-BF4B-00C04F79EFBC}") = "constructor_ass2class_employee", "constructor_ass2class_employee\constructor_ass2class_employee.csproj", "{92A91345-32AF-4CF9-A711-B34A18C386E7}"
EndProject
Global
	GlobalSection(SolutionConfigurationPlatforms) = preSolution
		Debug|Any CPU = Debug|Any CPU
		Release|Any CPU = Release|Any CPU
	EndGlobalSection
	GlobalSection(ProjectConfigurationPlatforms) = postSolution
		{92A91345-32AF-4CF9-A711-B34A18C386E7}.Debug|Any CPU.ActiveCfg = Debug|Any CPU
		{92A91345-32AF-4CF9-A711-B34A18C386E7}.Debug|Any CPU.Build.0 = Debug|Any CPU
		{92A91345-32AF-4CF9-A711-B34A18C386E7}.Release|Any CPU.ActiveCfg = Release|Any CPU
		{92A91345-32AF-4CF9-A711-B34A18C386E7}.Release|Any CPU.Build.0 = Release|Any CPU
	EndGlobalSection
	GlobalSection(SolutionProperties) = preSolution
		HideSolutionNode = FALSE
	EndGlobalSection
	GlobalSection(ExtensibilityGlobals) = postSolution
		SolutionGuid = {5E181507-63E6-4649-A89C-3EFA01F83E2F}
	EndGlobalSection
EndGlobal
