
Microsoft Visual Studio Solution File, Format Version 12.00
# Visual Studio Version 17
VisualStudioVersion = 17.7.34202.233
MinimumVisualStudioVersion = 10.0.40219.1
Project("{FAE04EC0-301F-11D3-BF4B-00C04F79EFBC}") = "calculator_more_than_one_digit", "calculator_more_than_one_digit\calculator_more_than_one_digit.csproj", "{9A9B64DC-7193-4521-AD5B-EC166786FC8A}"
EndProject
Global
	GlobalSection(SolutionConfigurationPlatforms) = preSolution
		Debug|Any CPU = Debug|Any CPU
		Release|Any CPU = Release|Any CPU
	EndGlobalSection
	GlobalSection(ProjectConfigurationPlatforms) = postSolution
		{9A9B64DC-7193-4521-AD5B-EC166786FC8A}.Debug|Any CPU.ActiveCfg = Debug|Any CPU
		{9A9B64DC-7193-4521-AD5B-EC166786FC8A}.Debug|Any CPU.Build.0 = Debug|Any CPU
		{9A9B64DC-7193-4521-AD5B-EC166786FC8A}.Release|Any CPU.ActiveCfg = Release|Any CPU
		{9A9B64DC-7193-4521-AD5B-EC166786FC8A}.Release|Any CPU.Build.0 = Release|Any CPU
	EndGlobalSection
	GlobalSection(SolutionProperties) = preSolution
		HideSolutionNode = FALSE
	EndGlobalSection
	GlobalSection(ExtensibilityGlobals) = postSolution
		SolutionGuid = {28DC6240-CA36-44E6-A2B4-338BA4E14A7C}
	EndGlobalSection
EndGlobal
