
Microsoft Visual Studio Solution File, Format Version 12.00
# Visual Studio Version 17
VisualStudioVersion = 17.7.34202.233
MinimumVisualStudioVersion = 10.0.40219.1
Project("{FAE04EC0-301F-11D3-BF4B-00C04F79EFBC}") = "3number_search", "3number_search\3number_search.csproj", "{C35E1985-7B9B-4C18-941E-2ED48C862E72}"
EndProject
Global
	GlobalSection(SolutionConfigurationPlatforms) = preSolution
		Debug|Any CPU = Debug|Any CPU
		Release|Any CPU = Release|Any CPU
	EndGlobalSection
	GlobalSection(ProjectConfigurationPlatforms) = postSolution
		{C35E1985-7B9B-4C18-941E-2ED48C862E72}.Debug|Any CPU.ActiveCfg = Debug|Any CPU
		{C35E1985-7B9B-4C18-941E-2ED48C862E72}.Debug|Any CPU.Build.0 = Debug|Any CPU
		{C35E1985-7B9B-4C18-941E-2ED48C862E72}.Release|Any CPU.ActiveCfg = Release|Any CPU
		{C35E1985-7B9B-4C18-941E-2ED48C862E72}.Release|Any CPU.Build.0 = Release|Any CPU
	EndGlobalSection
	GlobalSection(SolutionProperties) = preSolution
		HideSolutionNode = FALSE
	EndGlobalSection
	GlobalSection(ExtensibilityGlobals) = postSolution
		SolutionGuid = {945A73AF-F67B-483A-BAAF-8B702F826D10}
	EndGlobalSection
EndGlobal
