
Microsoft Visual Studio Solution File, Format Version 12.00
# Visual Studio Version 17
VisualStudioVersion = 17.7.34202.233
MinimumVisualStudioVersion = 10.0.40219.1
Project("{FAE04EC0-301F-11D3-BF4B-00C04F79EFBC}") = "withdrawl_diposit_using_radiobutton", "withdrawl_diposit_using_radiobutton\withdrawl_diposit_using_radiobutton.csproj", "{DC536963-EF69-46D0-9A90-C85B7942C8E1}"
EndProject
Global
	GlobalSection(SolutionConfigurationPlatforms) = preSolution
		Debug|Any CPU = Debug|Any CPU
		Release|Any CPU = Release|Any CPU
	EndGlobalSection
	GlobalSection(ProjectConfigurationPlatforms) = postSolution
		{DC536963-EF69-46D0-9A90-C85B7942C8E1}.Debug|Any CPU.ActiveCfg = Debug|Any CPU
		{DC536963-EF69-46D0-9A90-C85B7942C8E1}.Debug|Any CPU.Build.0 = Debug|Any CPU
		{DC536963-EF69-46D0-9A90-C85B7942C8E1}.Release|Any CPU.ActiveCfg = Release|Any CPU
		{DC536963-EF69-46D0-9A90-C85B7942C8E1}.Release|Any CPU.Build.0 = Release|Any CPU
	EndGlobalSection
	GlobalSection(SolutionProperties) = preSolution
		HideSolutionNode = FALSE
	EndGlobalSection
	GlobalSection(ExtensibilityGlobals) = postSolution
		SolutionGuid = {CEFAE5DC-4AB4-4E6E-B441-18CCBDEE160A}
	EndGlobalSection
EndGlobal
