
Microsoft Visual Studio Solution File, Format Version 12.00
# Visual Studio Version 17
VisualStudioVersion = 17.7.34202.233
MinimumVisualStudioVersion = 10.0.40219.1
Project("{FAE04EC0-301F-11D3-BF4B-00C04F79EFBC}") = "throw_keyword", "throw_keyword\throw_keyword.csproj", "{71813542-E95F-4CE5-9129-3EBE18909492}"
EndProject
Global
	GlobalSection(SolutionConfigurationPlatforms) = preSolution
		Debug|Any CPU = Debug|Any CPU
		Release|Any CPU = Release|Any CPU
	EndGlobalSection
	GlobalSection(ProjectConfigurationPlatforms) = postSolution
		{71813542-E95F-4CE5-9129-3EBE18909492}.Debug|Any CPU.ActiveCfg = Debug|Any CPU
		{71813542-E95F-4CE5-9129-3EBE18909492}.Debug|Any CPU.Build.0 = Debug|Any CPU
		{71813542-E95F-4CE5-9129-3EBE18909492}.Release|Any CPU.ActiveCfg = Release|Any CPU
		{71813542-E95F-4CE5-9129-3EBE18909492}.Release|Any CPU.Build.0 = Release|Any CPU
	EndGlobalSection
	GlobalSection(SolutionProperties) = preSolution
		HideSolutionNode = FALSE
	EndGlobalSection
	GlobalSection(ExtensibilityGlobals) = postSolution
		SolutionGuid = {6ED4B391-29A6-4165-8DC2-B82D25920227}
	EndGlobalSection
EndGlobal
