
Microsoft Visual Studio Solution File, Format Version 12.00
# Visual Studio Version 17
VisualStudioVersion = 17.7.34202.233
MinimumVisualStudioVersion = 10.0.40219.1
Project("{FAE04EC0-301F-11D3-BF4B-00C04F79EFBC}") = "lilbrary", "lilbrary\lilbrary.csproj", "{0A2D4746-3BC0-45D4-9359-79973C51F11D}"
EndProject
Global
	GlobalSection(SolutionConfigurationPlatforms) = preSolution
		Debug|Any CPU = Debug|Any CPU
		Release|Any CPU = Release|Any CPU
	EndGlobalSection
	GlobalSection(ProjectConfigurationPlatforms) = postSolution
		{0A2D4746-3BC0-45D4-9359-79973C51F11D}.Debug|Any CPU.ActiveCfg = Debug|Any CPU
		{0A2D4746-3BC0-45D4-9359-79973C51F11D}.Debug|Any CPU.Build.0 = Debug|Any CPU
		{0A2D4746-3BC0-45D4-9359-79973C51F11D}.Release|Any CPU.ActiveCfg = Release|Any CPU
		{0A2D4746-3BC0-45D4-9359-79973C51F11D}.Release|Any CPU.Build.0 = Release|Any CPU
	EndGlobalSection
	GlobalSection(SolutionProperties) = preSolution
		HideSolutionNode = FALSE
	EndGlobalSection
	GlobalSection(ExtensibilityGlobals) = postSolution
		SolutionGuid = {6B325CC6-14A3-45A1-B6C2-07B29FAE5E9E}
	EndGlobalSection
EndGlobal
