
Microsoft Visual Studio Solution File, Format Version 12.00
# Visual Studio Version 17
VisualStudioVersion = 17.7.34202.233
MinimumVisualStudioVersion = 10.0.40219.1
Project("{FAE04EC0-301F-11D3-BF4B-00C04F79EFBC}") = "empno_empname", "empno_empname\empno_empname.csproj", "{23AE584B-C629-45C8-B556-AF40EA02B8EE}"
EndProject
Global
	GlobalSection(SolutionConfigurationPlatforms) = preSolution
		Debug|Any CPU = Debug|Any CPU
		Release|Any CPU = Release|Any CPU
	EndGlobalSection
	GlobalSection(ProjectConfigurationPlatforms) = postSolution
		{23AE584B-C629-45C8-B556-AF40EA02B8EE}.Debug|Any CPU.ActiveCfg = Debug|Any CPU
		{23AE584B-C629-45C8-B556-AF40EA02B8EE}.Debug|Any CPU.Build.0 = Debug|Any CPU
		{23AE584B-C629-45C8-B556-AF40EA02B8EE}.Release|Any CPU.ActiveCfg = Release|Any CPU
		{23AE584B-C629-45C8-B556-AF40EA02B8EE}.Release|Any CPU.Build.0 = Release|Any CPU
	EndGlobalSection
	GlobalSection(SolutionProperties) = preSolution
		HideSolutionNode = FALSE
	EndGlobalSection
	GlobalSection(ExtensibilityGlobals) = postSolution
		SolutionGuid = {7D8E572A-F77D-453A-9747-75E8AE5CBF80}
	EndGlobalSection
EndGlobal
