
Microsoft Visual Studio Solution File, Format Version 12.00
# Visual Studio Version 17
VisualStudioVersion = 17.7.34202.233
MinimumVisualStudioVersion = 10.0.40219.1
Project("{FAE04EC0-301F-11D3-BF4B-00C04F79EFBC}") = "index_out_of_range_exception_class", "index_out_of_range_exception_class\index_out_of_range_exception_class.csproj", "{99ECFB81-EDC8-4A6B-8326-B0C2A9B899E8}"
EndProject
Global
	GlobalSection(SolutionConfigurationPlatforms) = preSolution
		Debug|Any CPU = Debug|Any CPU
		Release|Any CPU = Release|Any CPU
	EndGlobalSection
	GlobalSection(ProjectConfigurationPlatforms) = postSolution
		{99ECFB81-EDC8-4A6B-8326-B0C2A9B899E8}.Debug|Any CPU.ActiveCfg = Debug|Any CPU
		{99ECFB81-EDC8-4A6B-8326-B0C2A9B899E8}.Debug|Any CPU.Build.0 = Debug|Any CPU
		{99ECFB81-EDC8-4A6B-8326-B0C2A9B899E8}.Release|Any CPU.ActiveCfg = Release|Any CPU
		{99ECFB81-EDC8-4A6B-8326-B0C2A9B899E8}.Release|Any CPU.Build.0 = Release|Any CPU
	EndGlobalSection
	GlobalSection(SolutionProperties) = preSolution
		HideSolutionNode = FALSE
	EndGlobalSection
	GlobalSection(ExtensibilityGlobals) = postSolution
		SolutionGuid = {C03E815C-F4F8-4BF2-ACAB-89AD9960AD97}
	EndGlobalSection
EndGlobal
