
Microsoft Visual Studio Solution File, Format Version 12.00
# Visual Studio Version 17
VisualStudioVersion = 17.7.34202.233
MinimumVisualStudioVersion = 10.0.40219.1
Project("{FAE04EC0-301F-11D3-BF4B-00C04F79EFBC}") = "ex_short_method_array", "ex_short_method_array\ex_short_method_array.csproj", "{1F5AAB27-C125-460C-BCD0-873871D1CDF4}"
EndProject
Global
	GlobalSection(SolutionConfigurationPlatforms) = preSolution
		Debug|Any CPU = Debug|Any CPU
		Release|Any CPU = Release|Any CPU
	EndGlobalSection
	GlobalSection(ProjectConfigurationPlatforms) = postSolution
		{1F5AAB27-C125-460C-BCD0-873871D1CDF4}.Debug|Any CPU.ActiveCfg = Debug|Any CPU
		{1F5AAB27-C125-460C-BCD0-873871D1CDF4}.Debug|Any CPU.Build.0 = Debug|Any CPU
		{1F5AAB27-C125-460C-BCD0-873871D1CDF4}.Release|Any CPU.ActiveCfg = Release|Any CPU
		{1F5AAB27-C125-460C-BCD0-873871D1CDF4}.Release|Any CPU.Build.0 = Release|Any CPU
	EndGlobalSection
	GlobalSection(SolutionProperties) = preSolution
		HideSolutionNode = FALSE
	EndGlobalSection
	GlobalSection(ExtensibilityGlobals) = postSolution
		SolutionGuid = {00DCD28D-5512-4537-8B2C-4A312910C1BE}
	EndGlobalSection
EndGlobal
