
Microsoft Visual Studio Solution File, Format Version 12.00
# Visual Studio Version 17
VisualStudioVersion = 17.7.34202.233
MinimumVisualStudioVersion = 10.0.40219.1
Project("{FAE04EC0-301F-11D3-BF4B-00C04F79EFBC}") = "menustrip_control_on_mdi_form", "menustrip_control_on_mdi_form\menustrip_control_on_mdi_form.csproj", "{2E929B26-43F6-4871-AA5D-34722A8E90F9}"
EndProject
Global
	GlobalSection(SolutionConfigurationPlatforms) = preSolution
		Debug|Any CPU = Debug|Any CPU
		Release|Any CPU = Release|Any CPU
	EndGlobalSection
	GlobalSection(ProjectConfigurationPlatforms) = postSolution
		{2E929B26-43F6-4871-AA5D-34722A8E90F9}.Debug|Any CPU.ActiveCfg = Debug|Any CPU
		{2E929B26-43F6-4871-AA5D-34722A8E90F9}.Debug|Any CPU.Build.0 = Debug|Any CPU
		{2E929B26-43F6-4871-AA5D-34722A8E90F9}.Release|Any CPU.ActiveCfg = Release|Any CPU
		{2E929B26-43F6-4871-AA5D-34722A8E90F9}.Release|Any CPU.Build.0 = Release|Any CPU
	EndGlobalSection
	GlobalSection(SolutionProperties) = preSolution
		HideSolutionNode = FALSE
	EndGlobalSection
	GlobalSection(ExtensibilityGlobals) = postSolution
		SolutionGuid = {975FD8EB-FD80-4B38-AD23-8432C20C03CD}
	EndGlobalSection
EndGlobal
