
Microsoft Visual Studio Solution File, Format Version 12.00
# Visual Studio Version 17
VisualStudioVersion = 17.7.34202.233
MinimumVisualStudioVersion = 10.0.40219.1
Project("{FAE04EC0-301F-11D3-BF4B-00C04F79EFBC}") = "doWhile_web_app", "doWhile_web_app\doWhile_web_app.csproj", "{80E26D46-C95A-40B3-9AE7-8DF9B13B28F8}"
EndProject
Global
	GlobalSection(SolutionConfigurationPlatforms) = preSolution
		Debug|Any CPU = Debug|Any CPU
		Release|Any CPU = Release|Any CPU
	EndGlobalSection
	GlobalSection(ProjectConfigurationPlatforms) = postSolution
		{80E26D46-C95A-40B3-9AE7-8DF9B13B28F8}.Debug|Any CPU.ActiveCfg = Debug|Any CPU
		{80E26D46-C95A-40B3-9AE7-8DF9B13B28F8}.Debug|Any CPU.Build.0 = Debug|Any CPU
		{80E26D46-C95A-40B3-9AE7-8DF9B13B28F8}.Release|Any CPU.ActiveCfg = Release|Any CPU
		{80E26D46-C95A-40B3-9AE7-8DF9B13B28F8}.Release|Any CPU.Build.0 = Release|Any CPU
	EndGlobalSection
	GlobalSection(SolutionProperties) = preSolution
		HideSolutionNode = FALSE
	EndGlobalSection
	GlobalSection(ExtensibilityGlobals) = postSolution
		SolutionGuid = {BB904A68-4D3D-44DA-BCB5-07A6426F3DC7}
	EndGlobalSection
EndGlobal
