
Microsoft Visual Studio Solution File, Format Version 12.00
# Visual Studio Version 17
VisualStudioVersion = 17.7.34202.233
MinimumVisualStudioVersion = 10.0.40219.1
Project("{FAE04EC0-301F-11D3-BF4B-00C04F79EFBC}") = "ex_break", "ex_break\ex_break.csproj", "{28C813A6-6243-406A-BFF6-E4C123AFC3CF}"
EndProject
Global
	GlobalSection(SolutionConfigurationPlatforms) = preSolution
		Debug|Any CPU = Debug|Any CPU
		Release|Any CPU = Release|Any CPU
	EndGlobalSection
	GlobalSection(ProjectConfigurationPlatforms) = postSolution
		{28C813A6-6243-406A-BFF6-E4C123AFC3CF}.Debug|Any CPU.ActiveCfg = Debug|Any CPU
		{28C813A6-6243-406A-BFF6-E4C123AFC3CF}.Debug|Any CPU.Build.0 = Debug|Any CPU
		{28C813A6-6243-406A-BFF6-E4C123AFC3CF}.Release|Any CPU.ActiveCfg = Release|Any CPU
		{28C813A6-6243-406A-BFF6-E4C123AFC3CF}.Release|Any CPU.Build.0 = Release|Any CPU
	EndGlobalSection
	GlobalSection(SolutionProperties) = preSolution
		HideSolutionNode = FALSE
	EndGlobalSection
	GlobalSection(ExtensibilityGlobals) = postSolution
		SolutionGuid = {06490FF8-027E-45CA-A6AF-65B356CEB399}
	EndGlobalSection
EndGlobal
