
Microsoft Visual Studio Solution File, Format Version 12.00
# Visual Studio Version 17
VisualStudioVersion = 17.7.34202.233
MinimumVisualStudioVersion = 10.0.40219.1
Project("{FAE04EC0-301F-11D3-BF4B-00C04F79EFBC}") = "interface_blueprint_class", "interface_blueprint_class\interface_blueprint_class.csproj", "{70C6302C-C133-46E1-9DE4-92BC770AC6EC}"
EndProject
Global
	GlobalSection(SolutionConfigurationPlatforms) = preSolution
		Debug|Any CPU = Debug|Any CPU
		Release|Any CPU = Release|Any CPU
	EndGlobalSection
	GlobalSection(ProjectConfigurationPlatforms) = postSolution
		{70C6302C-C133-46E1-9DE4-92BC770AC6EC}.Debug|Any CPU.ActiveCfg = Debug|Any CPU
		{70C6302C-C133-46E1-9DE4-92BC770AC6EC}.Debug|Any CPU.Build.0 = Debug|Any CPU
		{70C6302C-C133-46E1-9DE4-92BC770AC6EC}.Release|Any CPU.ActiveCfg = Release|Any CPU
		{70C6302C-C133-46E1-9DE4-92BC770AC6EC}.Release|Any CPU.Build.0 = Release|Any CPU
	EndGlobalSection
	GlobalSection(SolutionProperties) = preSolution
		HideSolutionNode = FALSE
	EndGlobalSection
	GlobalSection(ExtensibilityGlobals) = postSolution
		SolutionGuid = {29D5737F-48DA-4D54-9420-64365DE5CC1E}
	EndGlobalSection
EndGlobal
