
Microsoft Visual Studio Solution File, Format Version 12.00
# Visual Studio Version 17
VisualStudioVersion = 17.7.34202.233
MinimumVisualStudioVersion = 10.0.40219.1
Project("{FAE04EC0-301F-11D3-BF4B-00C04F79EFBC}") = "picture_box_control_properties", "picture_box_control_properties\picture_box_control_properties.csproj", "{AEF31BB6-B713-4B64-B4EA-7B7B5D4554EA}"
EndProject
Global
	GlobalSection(SolutionConfigurationPlatforms) = preSolution
		Debug|Any CPU = Debug|Any CPU
		Release|Any CPU = Release|Any CPU
	EndGlobalSection
	GlobalSection(ProjectConfigurationPlatforms) = postSolution
		{AEF31BB6-B713-4B64-B4EA-7B7B5D4554EA}.Debug|Any CPU.ActiveCfg = Debug|Any CPU
		{AEF31BB6-B713-4B64-B4EA-7B7B5D4554EA}.Debug|Any CPU.Build.0 = Debug|Any CPU
		{AEF31BB6-B713-4B64-B4EA-7B7B5D4554EA}.Release|Any CPU.ActiveCfg = Release|Any CPU
		{AEF31BB6-B713-4B64-B4EA-7B7B5D4554EA}.Release|Any CPU.Build.0 = Release|Any CPU
	EndGlobalSection
	GlobalSection(SolutionProperties) = preSolution
		HideSolutionNode = FALSE
	EndGlobalSection
	GlobalSection(ExtensibilityGlobals) = postSolution
		SolutionGuid = {50662F71-554F-42C1-9897-79854CBDEE82}
	EndGlobalSection
EndGlobal
