
Microsoft Visual Studio Solution File, Format Version 12.00
# Visual Studio Version 17
VisualStudioVersion = 17.7.34202.233
MinimumVisualStudioVersion = 10.0.40219.1
Project("{FAE04EC0-301F-11D3-BF4B-00C04F79EFBC}") = "ifelse", "ifelse\ifelse.csproj", "{782C1FAA-1F24-44E5-A28C-45C92C468625}"
EndProject
Global
	GlobalSection(SolutionConfigurationPlatforms) = preSolution
		Debug|Any CPU = Debug|Any CPU
		Release|Any CPU = Release|Any CPU
	EndGlobalSection
	GlobalSection(ProjectConfigurationPlatforms) = postSolution
		{782C1FAA-1F24-44E5-A28C-45C92C468625}.Debug|Any CPU.ActiveCfg = Debug|Any CPU
		{782C1FAA-1F24-44E5-A28C-45C92C468625}.Debug|Any CPU.Build.0 = Debug|Any CPU
		{782C1FAA-1F24-44E5-A28C-45C92C468625}.Release|Any CPU.ActiveCfg = Release|Any CPU
		{782C1FAA-1F24-44E5-A28C-45C92C468625}.Release|Any CPU.Build.0 = Release|Any CPU
	EndGlobalSection
	GlobalSection(SolutionProperties) = preSolution
		HideSolutionNode = FALSE
	EndGlobalSection
	GlobalSection(ExtensibilityGlobals) = postSolution
		SolutionGuid = {CFF90791-2E33-414E-A823-4E5E70C7D625}
	EndGlobalSection
EndGlobal
