
Microsoft Visual Studio Solution File, Format Version 12.00
# Visual Studio Version 17
VisualStudioVersion = 17.7.34202.233
MinimumVisualStudioVersion = 10.0.40219.1
Project("{FAE04EC0-301F-11D3-BF4B-00C04F79EFBC}") = "accepting_values_form_user", "accepting_values_form_user\accepting_values_form_user.csproj", "{7DADB34B-3AF4-4042-A5D6-CF1F9AE49742}"
EndProject
Global
	GlobalSection(SolutionConfigurationPlatforms) = preSolution
		Debug|Any CPU = Debug|Any CPU
		Release|Any CPU = Release|Any CPU
	EndGlobalSection
	GlobalSection(ProjectConfigurationPlatforms) = postSolution
		{7DADB34B-3AF4-4042-A5D6-CF1F9AE49742}.Debug|Any CPU.ActiveCfg = Debug|Any CPU
		{7DADB34B-3AF4-4042-A5D6-CF1F9AE49742}.Debug|Any CPU.Build.0 = Debug|Any CPU
		{7DADB34B-3AF4-4042-A5D6-CF1F9AE49742}.Release|Any CPU.ActiveCfg = Release|Any CPU
		{7DADB34B-3AF4-4042-A5D6-CF1F9AE49742}.Release|Any CPU.Build.0 = Release|Any CPU
	EndGlobalSection
	GlobalSection(SolutionProperties) = preSolution
		HideSolutionNode = FALSE
	EndGlobalSection
	GlobalSection(ExtensibilityGlobals) = postSolution
		SolutionGuid = {215ABDB2-6DCD-4568-A7FD-262373DDE281}
	EndGlobalSection
EndGlobal
