
Microsoft Visual Studio Solution File, Format Version 12.00
# Visual Studio Version 17
VisualStudioVersion = 17.7.34202.233
MinimumVisualStudioVersion = 10.0.40219.1
Project("{FAE04EC0-301F-11D3-BF4B-00C04F79EFBC}") = "switch_statement", "switch_statement\switch_statement.csproj", "{1B7C7C85-C472-4707-BDF5-9FCEE21FAA9E}"
EndProject
Global
	GlobalSection(SolutionConfigurationPlatforms) = preSolution
		Debug|Any CPU = Debug|Any CPU
		Release|Any CPU = Release|Any CPU
	EndGlobalSection
	GlobalSection(ProjectConfigurationPlatforms) = postSolution
		{1B7C7C85-C472-4707-BDF5-9FCEE21FAA9E}.Debug|Any CPU.ActiveCfg = Debug|Any CPU
		{1B7C7C85-C472-4707-BDF5-9FCEE21FAA9E}.Debug|Any CPU.Build.0 = Debug|Any CPU
		{1B7C7C85-C472-4707-BDF5-9FCEE21FAA9E}.Release|Any CPU.ActiveCfg = Release|Any CPU
		{1B7C7C85-C472-4707-BDF5-9FCEE21FAA9E}.Release|Any CPU.Build.0 = Release|Any CPU
	EndGlobalSection
	GlobalSection(SolutionProperties) = preSolution
		HideSolutionNode = FALSE
	EndGlobalSection
	GlobalSection(ExtensibilityGlobals) = postSolution
		SolutionGuid = {15CED2FD-292B-465A-96F3-66FC31886408}
	EndGlobalSection
EndGlobal
