
Microsoft Visual Studio Solution File, Format Version 12.00
# Visual Studio Version 17
VisualStudioVersion = 17.7.34202.233
MinimumVisualStudioVersion = 10.0.40219.1
Project("{FAE04EC0-301F-11D3-BF4B-00C04F79EFBC}") = "foreach_loop", "foreach_loop\foreach_loop.csproj", "{42271889-06E7-4C66-9EA4-911A50152C69}"
EndProject
Global
	GlobalSection(SolutionConfigurationPlatforms) = preSolution
		Debug|Any CPU = Debug|Any CPU
		Release|Any CPU = Release|Any CPU
	EndGlobalSection
	GlobalSection(ProjectConfigurationPlatforms) = postSolution
		{42271889-06E7-4C66-9EA4-911A50152C69}.Debug|Any CPU.ActiveCfg = Debug|Any CPU
		{42271889-06E7-4C66-9EA4-911A50152C69}.Debug|Any CPU.Build.0 = Debug|Any CPU
		{42271889-06E7-4C66-9EA4-911A50152C69}.Release|Any CPU.ActiveCfg = Release|Any CPU
		{42271889-06E7-4C66-9EA4-911A50152C69}.Release|Any CPU.Build.0 = Release|Any CPU
	EndGlobalSection
	GlobalSection(SolutionProperties) = preSolution
		HideSolutionNode = FALSE
	EndGlobalSection
	GlobalSection(ExtensibilityGlobals) = postSolution
		SolutionGuid = {D37AD26C-EABE-4383-88AD-DA34C59FAE12}
	EndGlobalSection
EndGlobal
