
Microsoft Visual Studio Solution File, Format Version 12.00
# Visual Studio Version 17
VisualStudioVersion = 17.7.34202.233
MinimumVisualStudioVersion = 10.0.40219.1
Project("{FAE04EC0-301F-11D3-BF4B-00C04F79EFBC}") = "using_new_keyword", "using_new_keyword\using_new_keyword.csproj", "{FE71A8FA-22FA-4A41-8433-8B56926525CE}"
EndProject
Global
	GlobalSection(SolutionConfigurationPlatforms) = preSolution
		Debug|Any CPU = Debug|Any CPU
		Release|Any CPU = Release|Any CPU
	EndGlobalSection
	GlobalSection(ProjectConfigurationPlatforms) = postSolution
		{FE71A8FA-22FA-4A41-8433-8B56926525CE}.Debug|Any CPU.ActiveCfg = Debug|Any CPU
		{FE71A8FA-22FA-4A41-8433-8B56926525CE}.Debug|Any CPU.Build.0 = Debug|Any CPU
		{FE71A8FA-22FA-4A41-8433-8B56926525CE}.Release|Any CPU.ActiveCfg = Release|Any CPU
		{FE71A8FA-22FA-4A41-8433-8B56926525CE}.Release|Any CPU.Build.0 = Release|Any CPU
	EndGlobalSection
	GlobalSection(SolutionProperties) = preSolution
		HideSolutionNode = FALSE
	EndGlobalSection
	GlobalSection(ExtensibilityGlobals) = postSolution
		SolutionGuid = {D55F5C65-455B-40F9-BAE2-86D293CA0616}
	EndGlobalSection
EndGlobal
