
Microsoft Visual Studio Solution File, Format Version 12.00
# Visual Studio Version 17
VisualStudioVersion = 17.7.34202.233
MinimumVisualStudioVersion = 10.0.40219.1
Project("{FAE04EC0-301F-11D3-BF4B-00C04F79EFBC}") = "switch_dayname", "switch_dayname\switch_dayname.csproj", "{FD095AE0-6718-461B-A727-38543AE5365C}"
EndProject
Global
	GlobalSection(SolutionConfigurationPlatforms) = preSolution
		Debug|Any CPU = Debug|Any CPU
		Release|Any CPU = Release|Any CPU
	EndGlobalSection
	GlobalSection(ProjectConfigurationPlatforms) = postSolution
		{FD095AE0-6718-461B-A727-38543AE5365C}.Debug|Any CPU.ActiveCfg = Debug|Any CPU
		{FD095AE0-6718-461B-A727-38543AE5365C}.Debug|Any CPU.Build.0 = Debug|Any CPU
		{FD095AE0-6718-461B-A727-38543AE5365C}.Release|Any CPU.ActiveCfg = Release|Any CPU
		{FD095AE0-6718-461B-A727-38543AE5365C}.Release|Any CPU.Build.0 = Release|Any CPU
	EndGlobalSection
	GlobalSection(SolutionProperties) = preSolution
		HideSolutionNode = FALSE
	EndGlobalSection
	GlobalSection(ExtensibilityGlobals) = postSolution
		SolutionGuid = {8A9183FE-9FA7-4462-A61F-D0DBE6BEB4CD}
	EndGlobalSection
EndGlobal
