
Microsoft Visual Studio Solution File, Format Version 12.00
# Visual Studio Version 17
VisualStudioVersion = 17.7.34202.233
MinimumVisualStudioVersion = 10.0.40219.1
Project("{FAE04EC0-301F-11D3-BF4B-00C04F79EFBC}") = "minor_youngor_or_old", "minor_youngor_or_old\minor_youngor_or_old.csproj", "{BFB61FCD-5156-4E13-B456-98D88DFC7B76}"
EndProject
Global
	GlobalSection(SolutionConfigurationPlatforms) = preSolution
		Debug|Any CPU = Debug|Any CPU
		Release|Any CPU = Release|Any CPU
	EndGlobalSection
	GlobalSection(ProjectConfigurationPlatforms) = postSolution
		{BFB61FCD-5156-4E13-B456-98D88DFC7B76}.Debug|Any CPU.ActiveCfg = Debug|Any CPU
		{BFB61FCD-5156-4E13-B456-98D88DFC7B76}.Debug|Any CPU.Build.0 = Debug|Any CPU
		{BFB61FCD-5156-4E13-B456-98D88DFC7B76}.Release|Any CPU.ActiveCfg = Release|Any CPU
		{BFB61FCD-5156-4E13-B456-98D88DFC7B76}.Release|Any CPU.Build.0 = Release|Any CPU
	EndGlobalSection
	GlobalSection(SolutionProperties) = preSolution
		HideSolutionNode = FALSE
	EndGlobalSection
	GlobalSection(ExtensibilityGlobals) = postSolution
		SolutionGuid = {24BC7036-6476-4F79-BE34-9BF518D2CD15}
	EndGlobalSection
EndGlobal
