
Microsoft Visual Studio Solution File, Format Version 12.00
# Visual Studio Version 17
VisualStudioVersion = 17.7.34202.233
MinimumVisualStudioVersion = 10.0.40219.1
Project("{FAE04EC0-301F-11D3-BF4B-00C04F79EFBC}") = "tooltiptext_property", "tooltiptext_property\tooltiptext_property.csproj", "{647D85BC-296D-4DE8-AF86-989BC4719EAF}"
EndProject
Global
	GlobalSection(SolutionConfigurationPlatforms) = preSolution
		Debug|Any CPU = Debug|Any CPU
		Release|Any CPU = Release|Any CPU
	EndGlobalSection
	GlobalSection(ProjectConfigurationPlatforms) = postSolution
		{647D85BC-296D-4DE8-AF86-989BC4719EAF}.Debug|Any CPU.ActiveCfg = Debug|Any CPU
		{647D85BC-296D-4DE8-AF86-989BC4719EAF}.Debug|Any CPU.Build.0 = Debug|Any CPU
		{647D85BC-296D-4DE8-AF86-989BC4719EAF}.Release|Any CPU.ActiveCfg = Release|Any CPU
		{647D85BC-296D-4DE8-AF86-989BC4719EAF}.Release|Any CPU.Build.0 = Release|Any CPU
	EndGlobalSection
	GlobalSection(SolutionProperties) = preSolution
		HideSolutionNode = FALSE
	EndGlobalSection
	GlobalSection(ExtensibilityGlobals) = postSolution
		SolutionGuid = {8275A886-2E3C-4A4C-8ABF-3611CDD4C2F9}
	EndGlobalSection
EndGlobal
