
Microsoft Visual Studio Solution File, Format Version 12.00
# Visual Studio Version 17
VisualStudioVersion = 17.7.34202.233
MinimumVisualStudioVersion = 10.0.40219.1
Project("{FAE04EC0-301F-11D3-BF4B-00C04F79EFBC}") = "interface_method_abstract_keywords_ex2", "interface_method_abstract_keywords_ex2\interface_method_abstract_keywords_ex2.csproj", "{74179093-295B-4990-A941-F63C4F54B46F}"
EndProject
Global
	GlobalSection(SolutionConfigurationPlatforms) = preSolution
		Debug|Any CPU = Debug|Any CPU
		Release|Any CPU = Release|Any CPU
	EndGlobalSection
	GlobalSection(ProjectConfigurationPlatforms) = postSolution
		{74179093-295B-4990-A941-F63C4F54B46F}.Debug|Any CPU.ActiveCfg = Debug|Any CPU
		{74179093-295B-4990-A941-F63C4F54B46F}.Debug|Any CPU.Build.0 = Debug|Any CPU
		{74179093-295B-4990-A941-F63C4F54B46F}.Release|Any CPU.ActiveCfg = Release|Any CPU
		{74179093-295B-4990-A941-F63C4F54B46F}.Release|Any CPU.Build.0 = Release|Any CPU
	EndGlobalSection
	GlobalSection(SolutionProperties) = preSolution
		HideSolutionNode = FALSE
	EndGlobalSection
	GlobalSection(ExtensibilityGlobals) = postSolution
		SolutionGuid = {33A580CC-AC4C-4B85-B3DC-C188D35E8ECE}
	EndGlobalSection
EndGlobal
