
Microsoft Visual Studio Solution File, Format Version 12.00
# Visual Studio Version 17
VisualStudioVersion = 17.7.34202.233
MinimumVisualStudioVersion = 10.0.40219.1
Project("{FAE04EC0-301F-11D3-BF4B-00C04F79EFBC}") = "method_returning_array", "method_returning_array\method_returning_array.csproj", "{2B0148C5-85F8-4A56-B335-609DA86B44FC}"
EndProject
Global
	GlobalSection(SolutionConfigurationPlatforms) = preSolution
		Debug|Any CPU = Debug|Any CPU
		Release|Any CPU = Release|Any CPU
	EndGlobalSection
	GlobalSection(ProjectConfigurationPlatforms) = postSolution
		{2B0148C5-85F8-4A56-B335-609DA86B44FC}.Debug|Any CPU.ActiveCfg = Debug|Any CPU
		{2B0148C5-85F8-4A56-B335-609DA86B44FC}.Debug|Any CPU.Build.0 = Debug|Any CPU
		{2B0148C5-85F8-4A56-B335-609DA86B44FC}.Release|Any CPU.ActiveCfg = Release|Any CPU
		{2B0148C5-85F8-4A56-B335-609DA86B44FC}.Release|Any CPU.Build.0 = Release|Any CPU
	EndGlobalSection
	GlobalSection(SolutionProperties) = preSolution
		HideSolutionNode = FALSE
	EndGlobalSection
	GlobalSection(ExtensibilityGlobals) = postSolution
		SolutionGuid = {9FD702CB-5F42-481A-838E-C10ADA8D6F3C}
	EndGlobalSection
EndGlobal
