
Microsoft Visual Studio Solution File, Format Version 12.00
# Visual Studio Version 17
VisualStudioVersion = 17.7.34202.233
MinimumVisualStudioVersion = 10.0.40219.1
Project("{FAE04EC0-301F-11D3-BF4B-00C04F79EFBC}") = "Nested_web_app", "Nested_web_app\Nested_web_app.csproj", "{A0D8CD59-C953-46B2-BC69-545CCBD6BAF3}"
EndProject
Global
	GlobalSection(SolutionConfigurationPlatforms) = preSolution
		Debug|Any CPU = Debug|Any CPU
		Release|Any CPU = Release|Any CPU
	EndGlobalSection
	GlobalSection(ProjectConfigurationPlatforms) = postSolution
		{A0D8CD59-C953-46B2-BC69-545CCBD6BAF3}.Debug|Any CPU.ActiveCfg = Debug|Any CPU
		{A0D8CD59-C953-46B2-BC69-545CCBD6BAF3}.Debug|Any CPU.Build.0 = Debug|Any CPU
		{A0D8CD59-C953-46B2-BC69-545CCBD6BAF3}.Release|Any CPU.ActiveCfg = Release|Any CPU
		{A0D8CD59-C953-46B2-BC69-545CCBD6BAF3}.Release|Any CPU.Build.0 = Release|Any CPU
	EndGlobalSection
	GlobalSection(SolutionProperties) = preSolution
		HideSolutionNode = FALSE
	EndGlobalSection
	GlobalSection(ExtensibilityGlobals) = postSolution
		SolutionGuid = {FD6978F5-76E7-4992-B3CB-74EC1BD4D1A2}
	EndGlobalSection
EndGlobal
