
Microsoft Visual Studio Solution File, Format Version 12.00
# Visual Studio Version 17
VisualStudioVersion = 17.7.34202.233
MinimumVisualStudioVersion = 10.0.40219.1
Project("{FAE04EC0-301F-11D3-BF4B-00C04F79EFBC}") = "Dictionary_key_collection", "Dictionary_key_collection\Dictionary_key_collection.csproj", "{126C83B2-10AE-44E3-A4E1-15FD57B1A78D}"
EndProject
Global
	GlobalSection(SolutionConfigurationPlatforms) = preSolution
		Debug|Any CPU = Debug|Any CPU
		Release|Any CPU = Release|Any CPU
	EndGlobalSection
	GlobalSection(ProjectConfigurationPlatforms) = postSolution
		{126C83B2-10AE-44E3-A4E1-15FD57B1A78D}.Debug|Any CPU.ActiveCfg = Debug|Any CPU
		{126C83B2-10AE-44E3-A4E1-15FD57B1A78D}.Debug|Any CPU.Build.0 = Debug|Any CPU
		{126C83B2-10AE-44E3-A4E1-15FD57B1A78D}.Release|Any CPU.ActiveCfg = Release|Any CPU
		{126C83B2-10AE-44E3-A4E1-15FD57B1A78D}.Release|Any CPU.Build.0 = Release|Any CPU
	EndGlobalSection
	GlobalSection(SolutionProperties) = preSolution
		HideSolutionNode = FALSE
	EndGlobalSection
	GlobalSection(ExtensibilityGlobals) = postSolution
		SolutionGuid = {2FFDA9A2-85C8-4C22-B8FB-A7A66EA6A892}
	EndGlobalSection
EndGlobal
