
Microsoft Visual Studio Solution File, Format Version 12.00
# Visual Studio Version 17
VisualStudioVersion = 17.7.34202.233
MinimumVisualStudioVersion = 10.0.40219.1
Project("{FAE04EC0-301F-11D3-BF4B-00C04F79EFBC}") = "contextmenustrip_control_form", "contextmenustrip_control_form\contextmenustrip_control_form.csproj", "{1990FE3B-C235-4C04-8E7D-A2429B735DC6}"
EndProject
Global
	GlobalSection(SolutionConfigurationPlatforms) = preSolution
		Debug|Any CPU = Debug|Any CPU
		Release|Any CPU = Release|Any CPU
	EndGlobalSection
	GlobalSection(ProjectConfigurationPlatforms) = postSolution
		{1990FE3B-C235-4C04-8E7D-A2429B735DC6}.Debug|Any CPU.ActiveCfg = Debug|Any CPU
		{1990FE3B-C235-4C04-8E7D-A2429B735DC6}.Debug|Any CPU.Build.0 = Debug|Any CPU
		{1990FE3B-C235-4C04-8E7D-A2429B735DC6}.Release|Any CPU.ActiveCfg = Release|Any CPU
		{1990FE3B-C235-4C04-8E7D-A2429B735DC6}.Release|Any CPU.Build.0 = Release|Any CPU
	EndGlobalSection
	GlobalSection(SolutionProperties) = preSolution
		HideSolutionNode = FALSE
	EndGlobalSection
	GlobalSection(ExtensibilityGlobals) = postSolution
		SolutionGuid = {0FC3E374-815A-4657-A27D-F90AD0955EAC}
	EndGlobalSection
EndGlobal
