
Microsoft Visual Studio Solution File, Format Version 12.00
# Visual Studio Version 17
VisualStudioVersion = 17.7.34202.233
MinimumVisualStudioVersion = 10.0.40219.1
Project("{FAE04EC0-301F-11D3-BF4B-00C04F79EFBC}") = "design_menu_copy_cut_paste", "design_menu_copy_cut_paste\design_menu_copy_cut_paste.csproj", "{3F721CAA-047B-4068-AFE9-99C1CED0BA66}"
EndProject
Global
	GlobalSection(SolutionConfigurationPlatforms) = preSolution
		Debug|Any CPU = Debug|Any CPU
		Release|Any CPU = Release|Any CPU
	EndGlobalSection
	GlobalSection(ProjectConfigurationPlatforms) = postSolution
		{3F721CAA-047B-4068-AFE9-99C1CED0BA66}.Debug|Any CPU.ActiveCfg = Debug|Any CPU
		{3F721CAA-047B-4068-AFE9-99C1CED0BA66}.Debug|Any CPU.Build.0 = Debug|Any CPU
		{3F721CAA-047B-4068-AFE9-99C1CED0BA66}.Release|Any CPU.ActiveCfg = Release|Any CPU
		{3F721CAA-047B-4068-AFE9-99C1CED0BA66}.Release|Any CPU.Build.0 = Release|Any CPU
	EndGlobalSection
	GlobalSection(SolutionProperties) = preSolution
		HideSolutionNode = FALSE
	EndGlobalSection
	GlobalSection(ExtensibilityGlobals) = postSolution
		SolutionGuid = {5B58A7D6-F7A3-44F8-85AB-61AB81B9B2A7}
	EndGlobalSection
EndGlobal
