
Microsoft Visual Studio Solution File, Format Version 12.00
# Visual Studio Version 17
VisualStudioVersion = 17.7.34202.233
MinimumVisualStudioVersion = 10.0.40219.1
Project("{FAE04EC0-301F-11D3-BF4B-00C04F79EFBC}") = "Users_Details", "Users_Details\Users_Details.csproj", "{1FB369D6-4AAA-464A-ABAF-E2B2629A1C84}"
EndProject
Global
	GlobalSection(SolutionConfigurationPlatforms) = preSolution
		Debug|Any CPU = Debug|Any CPU
		Release|Any CPU = Release|Any CPU
	EndGlobalSection
	GlobalSection(ProjectConfigurationPlatforms) = postSolution
		{1FB369D6-4AAA-464A-ABAF-E2B2629A1C84}.Debug|Any CPU.ActiveCfg = Debug|Any CPU
		{1FB369D6-4AAA-464A-ABAF-E2B2629A1C84}.Debug|Any CPU.Build.0 = Debug|Any CPU
		{1FB369D6-4AAA-464A-ABAF-E2B2629A1C84}.Release|Any CPU.ActiveCfg = Release|Any CPU
		{1FB369D6-4AAA-464A-ABAF-E2B2629A1C84}.Release|Any CPU.Build.0 = Release|Any CPU
	EndGlobalSection
	GlobalSection(SolutionProperties) = preSolution
		HideSolutionNode = FALSE
	EndGlobalSection
	GlobalSection(ExtensibilityGlobals) = postSolution
		SolutionGuid = {987B5EA4-913D-4900-BB5B-2CA9065ADC9F}
	EndGlobalSection
EndGlobal
