
Microsoft Visual Studio Solution File, Format Version 12.00
# Visual Studio Version 17
VisualStudioVersion = 17.7.34202.233
MinimumVisualStudioVersion = 10.0.40219.1
Project("{FAE04EC0-301F-11D3-BF4B-00C04F79EFBC}") = "edit_color_ fontdialog_control", "edit_color_ fontdialog_control\edit_color_ fontdialog_control.csproj", "{E25BD074-727F-4102-AF63-FF7FF7F6197B}"
EndProject
Global
	GlobalSection(SolutionConfigurationPlatforms) = preSolution
		Debug|Any CPU = Debug|Any CPU
		Release|Any CPU = Release|Any CPU
	EndGlobalSection
	GlobalSection(ProjectConfigurationPlatforms) = postSolution
		{E25BD074-727F-4102-AF63-FF7FF7F6197B}.Debug|Any CPU.ActiveCfg = Debug|Any CPU
		{E25BD074-727F-4102-AF63-FF7FF7F6197B}.Debug|Any CPU.Build.0 = Debug|Any CPU
		{E25BD074-727F-4102-AF63-FF7FF7F6197B}.Release|Any CPU.ActiveCfg = Release|Any CPU
		{E25BD074-727F-4102-AF63-FF7FF7F6197B}.Release|Any CPU.Build.0 = Release|Any CPU
	EndGlobalSection
	GlobalSection(SolutionProperties) = preSolution
		HideSolutionNode = FALSE
	EndGlobalSection
	GlobalSection(ExtensibilityGlobals) = postSolution
		SolutionGuid = {B47CBB45-A073-4CE6-9E27-FE1E624CB467}
	EndGlobalSection
EndGlobal
