
Microsoft Visual Studio Solution File, Format Version 12.00
# Visual Studio Version 17
VisualStudioVersion = 17.7.34202.233
MinimumVisualStudioVersion = 10.0.40219.1
Project("{FAE04EC0-301F-11D3-BF4B-00C04F79EFBC}") = "ex_goto_statement", "ex_goto_statement\ex_goto_statement.csproj", "{87899EEA-D723-41B6-A81A-8AFC5E7173FE}"
EndProject
Global
	GlobalSection(SolutionConfigurationPlatforms) = preSolution
		Debug|Any CPU = Debug|Any CPU
		Release|Any CPU = Release|Any CPU
	EndGlobalSection
	GlobalSection(ProjectConfigurationPlatforms) = postSolution
		{87899EEA-D723-41B6-A81A-8AFC5E7173FE}.Debug|Any CPU.ActiveCfg = Debug|Any CPU
		{87899EEA-D723-41B6-A81A-8AFC5E7173FE}.Debug|Any CPU.Build.0 = Debug|Any CPU
		{87899EEA-D723-41B6-A81A-8AFC5E7173FE}.Release|Any CPU.ActiveCfg = Release|Any CPU
		{87899EEA-D723-41B6-A81A-8AFC5E7173FE}.Release|Any CPU.Build.0 = Release|Any CPU
	EndGlobalSection
	GlobalSection(SolutionProperties) = preSolution
		HideSolutionNode = FALSE
	EndGlobalSection
	GlobalSection(ExtensibilityGlobals) = postSolution
		SolutionGuid = {8D14ED65-3F79-479D-ABA5-8844ECC8A8D0}
	EndGlobalSection
EndGlobal
