
Microsoft Visual Studio Solution File, Format Version 12.00
# Visual Studio Version 17
VisualStudioVersion = 17.7.34202.233
MinimumVisualStudioVersion = 10.0.40219.1
Project("{FAE04EC0-301F-11D3-BF4B-00C04F79EFBC}") = "runtime_polymorphism_ex2", "runtime_polymorphism_ex2\runtime_polymorphism_ex2.csproj", "{A15D0095-A71C-4E73-81BC-5358C0C79169}"
EndProject
Global
	GlobalSection(SolutionConfigurationPlatforms) = preSolution
		Debug|Any CPU = Debug|Any CPU
		Release|Any CPU = Release|Any CPU
	EndGlobalSection
	GlobalSection(ProjectConfigurationPlatforms) = postSolution
		{A15D0095-A71C-4E73-81BC-5358C0C79169}.Debug|Any CPU.ActiveCfg = Debug|Any CPU
		{A15D0095-A71C-4E73-81BC-5358C0C79169}.Debug|Any CPU.Build.0 = Debug|Any CPU
		{A15D0095-A71C-4E73-81BC-5358C0C79169}.Release|Any CPU.ActiveCfg = Release|Any CPU
		{A15D0095-A71C-4E73-81BC-5358C0C79169}.Release|Any CPU.Build.0 = Release|Any CPU
	EndGlobalSection
	GlobalSection(SolutionProperties) = preSolution
		HideSolutionNode = FALSE
	EndGlobalSection
	GlobalSection(ExtensibilityGlobals) = postSolution
		SolutionGuid = {657ACD99-DE70-4CB7-8C1A-E8138C206713}
	EndGlobalSection
EndGlobal
