
Microsoft Visual Studio Solution File, Format Version 12.00
# Visual Studio Version 17
VisualStudioVersion = 17.7.34202.233
MinimumVisualStudioVersion = 10.0.40219.1
Project("{FAE04EC0-301F-11D3-BF4B-00C04F79EFBC}") = "Hashtable_store_the_data_key_value", "Hashtable_store_the_data_key_value\Hashtable_store_the_data_key_value.csproj", "{0ABBE3B8-8B69-4BE6-BFD7-D832796FDF53}"
EndProject
Global
	GlobalSection(SolutionConfigurationPlatforms) = preSolution
		Debug|Any CPU = Debug|Any CPU
		Release|Any CPU = Release|Any CPU
	EndGlobalSection
	GlobalSection(ProjectConfigurationPlatforms) = postSolution
		{0ABBE3B8-8B69-4BE6-BFD7-D832796FDF53}.Debug|Any CPU.ActiveCfg = Debug|Any CPU
		{0ABBE3B8-8B69-4BE6-BFD7-D832796FDF53}.Debug|Any CPU.Build.0 = Debug|Any CPU
		{0ABBE3B8-8B69-4BE6-BFD7-D832796FDF53}.Release|Any CPU.ActiveCfg = Release|Any CPU
		{0ABBE3B8-8B69-4BE6-BFD7-D832796FDF53}.Release|Any CPU.Build.0 = Release|Any CPU
	EndGlobalSection
	GlobalSection(SolutionProperties) = preSolution
		HideSolutionNode = FALSE
	EndGlobalSection
	GlobalSection(ExtensibilityGlobals) = postSolution
		SolutionGuid = {136A58AF-A41F-4E0D-829A-F6FDB27394F6}
	EndGlobalSection
EndGlobal
