
Microsoft Visual Studio Solution File, Format Version 12.00
# Visual Studio Version 17
VisualStudioVersion = 17.7.34202.233
MinimumVisualStudioVersion = 10.0.40219.1
Project("{FAE04EC0-301F-11D3-BF4B-00C04F79EFBC}") = "ass_minumum_maximum", "ass_minumum_maximum\ass_minumum_maximum.csproj", "{DA7FF346-767C-41DF-9A2C-E52628B634B4}"
EndProject
Global
	GlobalSection(SolutionConfigurationPlatforms) = preSolution
		Debug|Any CPU = Debug|Any CPU
		Release|Any CPU = Release|Any CPU
	EndGlobalSection
	GlobalSection(ProjectConfigurationPlatforms) = postSolution
		{DA7FF346-767C-41DF-9A2C-E52628B634B4}.Debug|Any CPU.ActiveCfg = Debug|Any CPU
		{DA7FF346-767C-41DF-9A2C-E52628B634B4}.Debug|Any CPU.Build.0 = Debug|Any CPU
		{DA7FF346-767C-41DF-9A2C-E52628B634B4}.Release|Any CPU.ActiveCfg = Release|Any CPU
		{DA7FF346-767C-41DF-9A2C-E52628B634B4}.Release|Any CPU.Build.0 = Release|Any CPU
	EndGlobalSection
	GlobalSection(SolutionProperties) = preSolution
		HideSolutionNode = FALSE
	EndGlobalSection
	GlobalSection(ExtensibilityGlobals) = postSolution
		SolutionGuid = {62416322-B7CA-4ADC-83D9-6CED86EC7789}
	EndGlobalSection
EndGlobal
