
Microsoft Visual Studio Solution File, Format Version 12.00
# Visual Studio Version 17
VisualStudioVersion = 17.7.34202.233
MinimumVisualStudioVersion = 10.0.40219.1
Project("{FAE04EC0-301F-11D3-BF4B-00C04F79EFBC}") = "example", "example\example.csproj", "{C46DDF17-07CE-4875-B5E8-DD0736616B38}"
EndProject
Global
	GlobalSection(SolutionConfigurationPlatforms) = preSolution
		Debug|Any CPU = Debug|Any CPU
		Release|Any CPU = Release|Any CPU
	EndGlobalSection
	GlobalSection(ProjectConfigurationPlatforms) = postSolution
		{C46DDF17-07CE-4875-B5E8-DD0736616B38}.Debug|Any CPU.ActiveCfg = Debug|Any CPU
		{C46DDF17-07CE-4875-B5E8-DD0736616B38}.Debug|Any CPU.Build.0 = Debug|Any CPU
		{C46DDF17-07CE-4875-B5E8-DD0736616B38}.Release|Any CPU.ActiveCfg = Release|Any CPU
		{C46DDF17-07CE-4875-B5E8-DD0736616B38}.Release|Any CPU.Build.0 = Release|Any CPU
	EndGlobalSection
	GlobalSection(SolutionProperties) = preSolution
		HideSolutionNode = FALSE
	EndGlobalSection
	GlobalSection(ExtensibilityGlobals) = postSolution
		SolutionGuid = {0E21B242-F7A8-40DF-A7D4-8E48C6621F61}
	EndGlobalSection
EndGlobal
