
Microsoft Visual Studio Solution File, Format Version 12.00
# Visual Studio Version 17
VisualStudioVersion = 17.7.34202.233
MinimumVisualStudioVersion = 10.0.40219.1
Project("{FAE04EC0-301F-11D3-BF4B-00C04F79EFBC}") = "array_clear_method", "array_clear_method\array_clear_method.csproj", "{4071E31B-CDB4-45AE-8D4A-A5FA2552A817}"
EndProject
Global
	GlobalSection(SolutionConfigurationPlatforms) = preSolution
		Debug|Any CPU = Debug|Any CPU
		Release|Any CPU = Release|Any CPU
	EndGlobalSection
	GlobalSection(ProjectConfigurationPlatforms) = postSolution
		{4071E31B-CDB4-45AE-8D4A-A5FA2552A817}.Debug|Any CPU.ActiveCfg = Debug|Any CPU
		{4071E31B-CDB4-45AE-8D4A-A5FA2552A817}.Debug|Any CPU.Build.0 = Debug|Any CPU
		{4071E31B-CDB4-45AE-8D4A-A5FA2552A817}.Release|Any CPU.ActiveCfg = Release|Any CPU
		{4071E31B-CDB4-45AE-8D4A-A5FA2552A817}.Release|Any CPU.Build.0 = Release|Any CPU
	EndGlobalSection
	GlobalSection(SolutionProperties) = preSolution
		HideSolutionNode = FALSE
	EndGlobalSection
	GlobalSection(ExtensibilityGlobals) = postSolution
		SolutionGuid = {66C28884-765B-4830-9FF2-890033D7FD72}
	EndGlobalSection
EndGlobal
