
Microsoft Visual Studio Solution File, Format Version 12.00
# Visual Studio Version 17
VisualStudioVersion = 17.7.34202.233
MinimumVisualStudioVersion = 10.0.40219.1
Project("{FAE04EC0-301F-11D3-BF4B-00C04F79EFBC}") = "edit_color_menustrip_control", "edit_color_menustrip_control\edit_color_menustrip_control.csproj", "{AE066276-6FE2-4747-A656-814852E7DA56}"
EndProject
Global
	GlobalSection(SolutionConfigurationPlatforms) = preSolution
		Debug|Any CPU = Debug|Any CPU
		Release|Any CPU = Release|Any CPU
	EndGlobalSection
	GlobalSection(ProjectConfigurationPlatforms) = postSolution
		{AE066276-6FE2-4747-A656-814852E7DA56}.Debug|Any CPU.ActiveCfg = Debug|Any CPU
		{AE066276-6FE2-4747-A656-814852E7DA56}.Debug|Any CPU.Build.0 = Debug|Any CPU
		{AE066276-6FE2-4747-A656-814852E7DA56}.Release|Any CPU.ActiveCfg = Release|Any CPU
		{AE066276-6FE2-4747-A656-814852E7DA56}.Release|Any CPU.Build.0 = Release|Any CPU
	EndGlobalSection
	GlobalSection(SolutionProperties) = preSolution
		HideSolutionNode = FALSE
	EndGlobalSection
	GlobalSection(ExtensibilityGlobals) = postSolution
		SolutionGuid = {C8D35804-45E7-4421-9EB7-24B7D0EC76EA}
	EndGlobalSection
EndGlobal
