
Microsoft Visual Studio Solution File, Format Version 12.00
# Visual Studio Version 17
VisualStudioVersion = 17.7.34202.233
MinimumVisualStudioVersion = 10.0.40219.1
Project("{FAE04EC0-301F-11D3-BF4B-00C04F79EFBC}") = "WindowsFormsApp3", "WindowsFormsApp3\WindowsFormsApp3.csproj", "{4A1B6ED2-4CFB-4E15-A1E6-C774A4AEBAC1}"
EndProject
Global
	GlobalSection(SolutionConfigurationPlatforms) = preSolution
		Debug|Any CPU = Debug|Any CPU
		Release|Any CPU = Release|Any CPU
	EndGlobalSection
	GlobalSection(ProjectConfigurationPlatforms) = postSolution
		{4A1B6ED2-4CFB-4E15-A1E6-C774A4AEBAC1}.Debug|Any CPU.ActiveCfg = Debug|Any CPU
		{4A1B6ED2-4CFB-4E15-A1E6-C774A4AEBAC1}.Debug|Any CPU.Build.0 = Debug|Any CPU
		{4A1B6ED2-4CFB-4E15-A1E6-C774A4AEBAC1}.Release|Any CPU.ActiveCfg = Release|Any CPU
		{4A1B6ED2-4CFB-4E15-A1E6-C774A4AEBAC1}.Release|Any CPU.Build.0 = Release|Any CPU
	EndGlobalSection
	GlobalSection(SolutionProperties) = preSolution
		HideSolutionNode = FALSE
	EndGlobalSection
	GlobalSection(ExtensibilityGlobals) = postSolution
		SolutionGuid = {D7C2A784-DB25-4D9A-AB00-7872DA847432}
	EndGlobalSection
EndGlobal
