
Microsoft Visual Studio Solution File, Format Version 12.00
# Visual Studio Version 17
VisualStudioVersion = 17.7.34202.233
MinimumVisualStudioVersion = 10.0.40219.1
Project("{FAE04EC0-301F-11D3-BF4B-00C04F79EFBC}") = "shortcut_properties", "shortcut_properties\shortcut_properties.csproj", "{860C3A0E-AA0E-4CFA-838C-7DE32821C6C2}"
EndProject
Global
	GlobalSection(SolutionConfigurationPlatforms) = preSolution
		Debug|Any CPU = Debug|Any CPU
		Release|Any CPU = Release|Any CPU
	EndGlobalSection
	GlobalSection(ProjectConfigurationPlatforms) = postSolution
		{860C3A0E-AA0E-4CFA-838C-7DE32821C6C2}.Debug|Any CPU.ActiveCfg = Debug|Any CPU
		{860C3A0E-AA0E-4CFA-838C-7DE32821C6C2}.Debug|Any CPU.Build.0 = Debug|Any CPU
		{860C3A0E-AA0E-4CFA-838C-7DE32821C6C2}.Release|Any CPU.ActiveCfg = Release|Any CPU
		{860C3A0E-AA0E-4CFA-838C-7DE32821C6C2}.Release|Any CPU.Build.0 = Release|Any CPU
	EndGlobalSection
	GlobalSection(SolutionProperties) = preSolution
		HideSolutionNode = FALSE
	EndGlobalSection
	GlobalSection(ExtensibilityGlobals) = postSolution
		SolutionGuid = {7ABD54F2-2457-4DA6-B860-C18944D5FE85}
	EndGlobalSection
EndGlobal
