
Microsoft Visual Studio Solution File, Format Version 12.00
# Visual Studio Version 17
VisualStudioVersion = 17.7.34202.233
MinimumVisualStudioVersion = 10.0.40219.1
Project("{FAE04EC0-301F-11D3-BF4B-00C04F79EFBC}") = "webBrowser_goforword_goback", "webBrowser_goforword_goback\webBrowser_goforword_goback.csproj", "{C694FC31-E025-4E7D-85D9-AECA83495355}"
EndProject
Global
	GlobalSection(SolutionConfigurationPlatforms) = preSolution
		Debug|Any CPU = Debug|Any CPU
		Release|Any CPU = Release|Any CPU
	EndGlobalSection
	GlobalSection(ProjectConfigurationPlatforms) = postSolution
		{C694FC31-E025-4E7D-85D9-AECA83495355}.Debug|Any CPU.ActiveCfg = Debug|Any CPU
		{C694FC31-E025-4E7D-85D9-AECA83495355}.Debug|Any CPU.Build.0 = Debug|Any CPU
		{C694FC31-E025-4E7D-85D9-AECA83495355}.Release|Any CPU.ActiveCfg = Release|Any CPU
		{C694FC31-E025-4E7D-85D9-AECA83495355}.Release|Any CPU.Build.0 = Release|Any CPU
	EndGlobalSection
	GlobalSection(SolutionProperties) = preSolution
		HideSolutionNode = FALSE
	EndGlobalSection
	GlobalSection(ExtensibilityGlobals) = postSolution
		SolutionGuid = {32AEF3FE-C3C9-4978-9E47-F16C429EAFC2}
	EndGlobalSection
EndGlobal
