
Microsoft Visual Studio Solution File, Format Version 12.00
# Visual Studio Version 17
VisualStudioVersion = 17.7.34202.233
MinimumVisualStudioVersion = 10.0.40219.1
Project("{FAE04EC0-301F-11D3-BF4B-00C04F79EFBC}") = "gender_ course_controls", "gender_ course_controls\gender_ course_controls.csproj", "{F46140F8-B2FE-423C-9A9A-52A1ECA79C0C}"
EndProject
Global
	GlobalSection(SolutionConfigurationPlatforms) = preSolution
		Debug|Any CPU = Debug|Any CPU
		Release|Any CPU = Release|Any CPU
	EndGlobalSection
	GlobalSection(ProjectConfigurationPlatforms) = postSolution
		{F46140F8-B2FE-423C-9A9A-52A1ECA79C0C}.Debug|Any CPU.ActiveCfg = Debug|Any CPU
		{F46140F8-B2FE-423C-9A9A-52A1ECA79C0C}.Debug|Any CPU.Build.0 = Debug|Any CPU
		{F46140F8-B2FE-423C-9A9A-52A1ECA79C0C}.Release|Any CPU.ActiveCfg = Release|Any CPU
		{F46140F8-B2FE-423C-9A9A-52A1ECA79C0C}.Release|Any CPU.Build.0 = Release|Any CPU
	EndGlobalSection
	GlobalSection(SolutionProperties) = preSolution
		HideSolutionNode = FALSE
	EndGlobalSection
	GlobalSection(ExtensibilityGlobals) = postSolution
		SolutionGuid = {9E6E9F18-B01C-40EE-B63A-56093C3CE98F}
	EndGlobalSection
EndGlobal
