
Microsoft Visual Studio Solution File, Format Version 12.00
# Visual Studio Version 17
VisualStudioVersion = 17.7.34202.233
MinimumVisualStudioVersion = 10.0.40219.1
Project("{FAE04EC0-301F-11D3-BF4B-00C04F79EFBC}") = "constructor_another_object", "constructor_another_object\constructor_another_object.csproj", "{5BEEA5B5-DDB3-4B10-AE30-B9AFDBD9E33C}"
EndProject
Global
	GlobalSection(SolutionConfigurationPlatforms) = preSolution
		Debug|Any CPU = Debug|Any CPU
		Release|Any CPU = Release|Any CPU
	EndGlobalSection
	GlobalSection(ProjectConfigurationPlatforms) = postSolution
		{5BEEA5B5-DDB3-4B10-AE30-B9AFDBD9E33C}.Debug|Any CPU.ActiveCfg = Debug|Any CPU
		{5BEEA5B5-DDB3-4B10-AE30-B9AFDBD9E33C}.Debug|Any CPU.Build.0 = Debug|Any CPU
		{5BEEA5B5-DDB3-4B10-AE30-B9AFDBD9E33C}.Release|Any CPU.ActiveCfg = Release|Any CPU
		{5BEEA5B5-DDB3-4B10-AE30-B9AFDBD9E33C}.Release|Any CPU.Build.0 = Release|Any CPU
	EndGlobalSection
	GlobalSection(SolutionProperties) = preSolution
		HideSolutionNode = FALSE
	EndGlobalSection
	GlobalSection(ExtensibilityGlobals) = postSolution
		SolutionGuid = {82CCE63D-DD40-4350-A264-314C9D4C5BDA}
	EndGlobalSection
EndGlobal
