
Microsoft Visual Studio Solution File, Format Version 12.00
# Visual Studio Version 17
VisualStudioVersion = 17.7.34202.233
MinimumVisualStudioVersion = 10.0.40219.1
Project("{FAE04EC0-301F-11D3-BF4B-00C04F79EFBC}") = "product_store", "product_store\product_store.csproj", "{4D391468-FF05-4EAE-BFDC-3F22F09832CD}"
EndProject
Global
	GlobalSection(SolutionConfigurationPlatforms) = preSolution
		Debug|Any CPU = Debug|Any CPU
		Release|Any CPU = Release|Any CPU
	EndGlobalSection
	GlobalSection(ProjectConfigurationPlatforms) = postSolution
		{4D391468-FF05-4EAE-BFDC-3F22F09832CD}.Debug|Any CPU.ActiveCfg = Debug|Any CPU
		{4D391468-FF05-4EAE-BFDC-3F22F09832CD}.Debug|Any CPU.Build.0 = Debug|Any CPU
		{4D391468-FF05-4EAE-BFDC-3F22F09832CD}.Release|Any CPU.ActiveCfg = Release|Any CPU
		{4D391468-FF05-4EAE-BFDC-3F22F09832CD}.Release|Any CPU.Build.0 = Release|Any CPU
	EndGlobalSection
	GlobalSection(SolutionProperties) = preSolution
		HideSolutionNode = FALSE
	EndGlobalSection
	GlobalSection(ExtensibilityGlobals) = postSolution
		SolutionGuid = {06A58B38-570C-42F0-9BDA-D176744F8E52}
	EndGlobalSection
EndGlobal
